
Microsoft Visual Studio Solution File, Format Version 12.00
# Visual Studio 15
VisualStudioVersion = 15.0.27703.2042
MinimumVisualStudioVersion = 10.0.40219.1
Project("{FAE04EC0-301F-11D3-BF4B-00C04F79EFBC}") = "HomeWorkModul1", "HomeWorkModul1\HomeWorkModul1.csproj", "{EE3F372B-21D4-4741-A816-EF6AB744FC3F}"
EndProject
Global
	GlobalSection(SolutionConfigurationPlatforms) = preSolution
		Debug|Any CPU = Debug|Any CPU
		Release|Any CPU = Release|Any CPU
	EndGlobalSection
	GlobalSection(ProjectConfigurationPlatforms) = postSolution
		{EE3F372B-21D4-4741-A816-EF6AB744FC3F}.Debug|Any CPU.ActiveCfg = Debug|Any CPU
		{EE3F372B-21D4-4741-A816-EF6AB744FC3F}.Debug|Any CPU.Build.0 = Debug|Any CPU
		{EE3F372B-21D4-4741-A816-EF6AB744FC3F}.Release|Any CPU.ActiveCfg = Release|Any CPU
		{EE3F372B-21D4-4741-A816-EF6AB744FC3F}.Release|Any CPU.Build.0 = Release|Any CPU
	EndGlobalSection
	GlobalSection(SolutionProperties) = preSolution
		HideSolutionNode = FALSE
	EndGlobalSection
	GlobalSection(ExtensibilityGlobals) = postSolution
		SolutionGuid = {C76EBFAC-65DE-48FD-AD66-114830760876}
	EndGlobalSection
EndGlobal
